<?xml version="1.0" encoding="utf-8"?>
<Project ToolsVersion="4.0" xmlns="http://schemas.microsoft.com/developer/msbuild/2003">
  <ItemGroup>
    <Filter Include="Header Files">
      <UniqueIdentifier>{93995380-89BD-4b04-88EB-625FBE52EBFB}</UniqueIdentifier>
      <Extensions>h;hh;hpp;hxx;hm;inl;inc;xsd</Extensions>
    </Filter>
  </ItemGroup>
  <ItemGroup>
    <ClInclude Include="..\config.hpp">
      <Filter>Header Files</Filter>
    </ClInclude>
    <ClInclude Include="..\creativesd.hpp">
      <Filter>Header Files</Filter>
    </ClInclude>
    <ClInclude Include="map-server.hpp">
      <Filter>Header Files</Filter>
    </ClInclude>
  </ItemGroup>
  <ItemGroup>
    <None Include="battle_config_struct.inc" />
    <None Include="atcommand_def.inc" />
    <None Include="atcommand_func.inc" />
    <None Include="battle_config_init.inc" />
    <None Include="script_func.inc" />
    <None Include="script_def.inc" />
  </ItemGroup>
</Project>